
Microsoft Visual Studio Solution File, Format Version 12.00
# Visual Studio 15
VisualStudioVersion = 15.0.28307.1705
MinimumVisualStudioVersion = 10.0.40219.1
Project("{FAE04EC0-301F-11D3-BF4B-00C04F79EFBC}") = "ClientProxy-P4-20190140103", "ClientProxy-P4-20190140103\ClientProxy-P4-20190140103.csproj", "{DD46786B-152E-4192-B14A-452E0E496C92}"
EndProject
Global
	GlobalSection(SolutionConfigurationPlatforms) = preSolution
		Debug|Any CPU = Debug|Any CPU
		Release|Any CPU = Release|Any CPU
	EndGlobalSection
	GlobalSection(ProjectConfigurationPlatforms) = postSolution
		{DD46786B-152E-4192-B14A-452E0E496C92}.Debug|Any CPU.ActiveCfg = Debug|Any CPU
		{DD46786B-152E-4192-B14A-452E0E496C92}.Debug|Any CPU.Build.0 = Debug|Any CPU
		{DD46786B-152E-4192-B14A-452E0E496C92}.Release|Any CPU.ActiveCfg = Release|Any CPU
		{DD46786B-152E-4192-B14A-452E0E496C92}.Release|Any CPU.Build.0 = Release|Any CPU
	EndGlobalSection
	GlobalSection(SolutionProperties) = preSolution
		HideSolutionNode = FALSE
	EndGlobalSection
	GlobalSection(ExtensibilityGlobals) = postSolution
		SolutionGuid = {65F1E31D-8815-4C86-A98E-8131969452FB}
	EndGlobalSection
EndGlobal
